
Microsoft Visual Studio Solution File, Format Version 11.00
# Visual Studio 2010
Project("{2150E333-8FDC-42A3-9474-1A3956D46DE8}") = "Motoi", "Motoi", "{2C5B94B3-AFFA-4363-AA47-9DE2BEC02E10}"
EndProject
Project("{2150E333-8FDC-42A3-9474-1A3956D46DE8}") = "UI", "UI", "{7B44C714-4306-4530-B241-BB6F034FAB92}"
EndProject
Project("{2150E333-8FDC-42A3-9474-1A3956D46DE8}") = "BMF", "BMF", "{2251EE56-F538-4157-B097-30EF8EA1DDF7}"
EndProject
Project("{FAE04EC0-301F-11D3-BF4B-00C04F79EFBC}") = "Motoi.Commons", "..\Motoi\projects\Motoi.Commons\Motoi.Commons.csproj", "{3E6C6D06-C212-448E-BB34-11CDAFA697E8}"
EndProject
Project("{FAE04EC0-301F-11D3-BF4B-00C04F79EFBC}") = "Motoi.Extensions", "..\Motoi\projects\Motoi.Extensions\Motoi.Extensions.csproj", "{E85CB030-30D6-468D-9061-559F937F1904}"
EndProject
Project("{FAE04EC0-301F-11D3-BF4B-00C04F79EFBC}") = "Motoi.Platform", "..\Motoi\projects\Motoi.Platform\Motoi.Platform.csproj", "{C501885F-20EC-424F-BA03-BF3762AC99E6}"
EndProject
Project("{FAE04EC0-301F-11D3-BF4B-00C04F79EFBC}") = "Motoi.Plugins", "..\Motoi\projects\Motoi.Plugins\Motoi.Plugins.csproj", "{DC59F99B-75A5-4877-B71B-3C865E4876A3}"
EndProject
Project("{FAE04EC0-301F-11D3-BF4B-00C04F79EFBC}") = "Motoi.UI", "..\Motoi\projects\Motoi.UI\Motoi.UI.csproj", "{04339BF5-52CF-4F60-A947-A09AA42990D4}"
EndProject
Project("{FAE04EC0-301F-11D3-BF4B-00C04F79EFBC}") = "PTP", "..\Motoi\projects\PTP\PTP.csproj", "{7AA07A65-1BAA-4CE7-85B6-C3B801A685E0}"
EndProject
Project("{FAE04EC0-301F-11D3-BF4B-00C04F79EFBC}") = "Tessa", "..\Motoi\projects\Tessa\Tessa.csproj", "{F39169A7-75C4-47D3-9672-EC98557FCDA1}"
EndProject
Project("{FAE04EC0-301F-11D3-BF4B-00C04F79EFBC}") = "Xcite", "..\Motoi\projects\Xcite\Xcite.csproj", "{251E8AE0-6DED-4701-8767-88001D931374}"
EndProject
Project("{FAE04EC0-301F-11D3-BF4B-00C04F79EFBC}") = "Motoi.UI.WindowsForms", "..\Motoi\plug-ins\Motoi.UI.WindowsForms\Motoi.UI.WindowsForms.csproj", "{A069CD61-568C-4467-A691-948EADC7D868}"
EndProject
Project("{FAE04EC0-301F-11D3-BF4B-00C04F79EFBC}") = "SharpFlow", "plug-ins\SharpFlow\SharpFlow.csproj", "{00280BE4-6C61-47A3-9F8B-D8F69F0060DF}"
EndProject
Project("{FAE04EC0-301F-11D3-BF4B-00C04F79EFBC}") = "BMF.NShape", "..\BMF\projects\BMF.NSharp\BMF.NShape.csproj", "{E196C95F-0DE5-46AF-9F0C-9343D50DC07B}"
EndProject
Project("{FAE04EC0-301F-11D3-BF4B-00C04F79EFBC}") = "Motoi.SharpFace", "..\Motoi\plug-ins\Motoi.SharpFace\Motoi.SharpFace.csproj", "{CD166509-196D-4768-BC1D-6E9BE0C0796E}"
EndProject
Global
	GlobalSection(SolutionConfigurationPlatforms) = preSolution
		Debug|Any CPU = Debug|Any CPU
		Debug|x86 = Debug|x86
		Release|Any CPU = Release|Any CPU
		Release|x86 = Release|x86
	EndGlobalSection
	GlobalSection(ProjectConfigurationPlatforms) = postSolution
		{3E6C6D06-C212-448E-BB34-11CDAFA697E8}.Debug|Any CPU.ActiveCfg = Debug|Any CPU
		{3E6C6D06-C212-448E-BB34-11CDAFA697E8}.Debug|Any CPU.Build.0 = Debug|Any CPU
		{3E6C6D06-C212-448E-BB34-11CDAFA697E8}.Debug|x86.ActiveCfg = Debug|Any CPU
		{3E6C6D06-C212-448E-BB34-11CDAFA697E8}.Release|Any CPU.ActiveCfg = Release|Any CPU
		{3E6C6D06-C212-448E-BB34-11CDAFA697E8}.Release|Any CPU.Build.0 = Release|Any CPU
		{3E6C6D06-C212-448E-BB34-11CDAFA697E8}.Release|x86.ActiveCfg = Release|Any CPU
		{E85CB030-30D6-468D-9061-559F937F1904}.Debug|Any CPU.ActiveCfg = Debug|Any CPU
		{E85CB030-30D6-468D-9061-559F937F1904}.Debug|Any CPU.Build.0 = Debug|Any CPU
		{E85CB030-30D6-468D-9061-559F937F1904}.Debug|x86.ActiveCfg = Debug|Any CPU
		{E85CB030-30D6-468D-9061-559F937F1904}.Release|Any CPU.ActiveCfg = Release|Any CPU
		{E85CB030-30D6-468D-9061-559F937F1904}.Release|Any CPU.Build.0 = Release|Any CPU
		{E85CB030-30D6-468D-9061-559F937F1904}.Release|x86.ActiveCfg = Release|Any CPU
		{C501885F-20EC-424F-BA03-BF3762AC99E6}.Debug|Any CPU.ActiveCfg = Debug|Any CPU
		{C501885F-20EC-424F-BA03-BF3762AC99E6}.Debug|Any CPU.Build.0 = Debug|Any CPU
		{C501885F-20EC-424F-BA03-BF3762AC99E6}.Debug|x86.ActiveCfg = Debug|x86
		{C501885F-20EC-424F-BA03-BF3762AC99E6}.Debug|x86.Build.0 = Debug|x86
		{C501885F-20EC-424F-BA03-BF3762AC99E6}.Release|Any CPU.ActiveCfg = Release|Any CPU
		{C501885F-20EC-424F-BA03-BF3762AC99E6}.Release|Any CPU.Build.0 = Release|Any CPU
		{C501885F-20EC-424F-BA03-BF3762AC99E6}.Release|x86.ActiveCfg = Release|x86
		{C501885F-20EC-424F-BA03-BF3762AC99E6}.Release|x86.Build.0 = Release|x86
		{DC59F99B-75A5-4877-B71B-3C865E4876A3}.Debug|Any CPU.ActiveCfg = Debug|Any CPU
		{DC59F99B-75A5-4877-B71B-3C865E4876A3}.Debug|Any CPU.Build.0 = Debug|Any CPU
		{DC59F99B-75A5-4877-B71B-3C865E4876A3}.Debug|x86.ActiveCfg = Debug|Any CPU
		{DC59F99B-75A5-4877-B71B-3C865E4876A3}.Release|Any CPU.ActiveCfg = Release|Any CPU
		{DC59F99B-75A5-4877-B71B-3C865E4876A3}.Release|Any CPU.Build.0 = Release|Any CPU
		{DC59F99B-75A5-4877-B71B-3C865E4876A3}.Release|x86.ActiveCfg = Release|Any CPU
		{04339BF5-52CF-4F60-A947-A09AA42990D4}.Debug|Any CPU.ActiveCfg = Debug|Any CPU
		{04339BF5-52CF-4F60-A947-A09AA42990D4}.Debug|Any CPU.Build.0 = Debug|Any CPU
		{04339BF5-52CF-4F60-A947-A09AA42990D4}.Debug|x86.ActiveCfg = Debug|Any CPU
		{04339BF5-52CF-4F60-A947-A09AA42990D4}.Release|Any CPU.ActiveCfg = Release|Any CPU
		{04339BF5-52CF-4F60-A947-A09AA42990D4}.Release|Any CPU.Build.0 = Release|Any CPU
		{04339BF5-52CF-4F60-A947-A09AA42990D4}.Release|x86.ActiveCfg = Release|Any CPU
		{7AA07A65-1BAA-4CE7-85B6-C3B801A685E0}.Debug|Any CPU.ActiveCfg = Debug|Any CPU
		{7AA07A65-1BAA-4CE7-85B6-C3B801A685E0}.Debug|Any CPU.Build.0 = Debug|Any CPU
		{7AA07A65-1BAA-4CE7-85B6-C3B801A685E0}.Debug|x86.ActiveCfg = Debug|Any CPU
		{7AA07A65-1BAA-4CE7-85B6-C3B801A685E0}.Release|Any CPU.ActiveCfg = Release|Any CPU
		{7AA07A65-1BAA-4CE7-85B6-C3B801A685E0}.Release|Any CPU.Build.0 = Release|Any CPU
		{7AA07A65-1BAA-4CE7-85B6-C3B801A685E0}.Release|x86.ActiveCfg = Release|Any CPU
		{F39169A7-75C4-47D3-9672-EC98557FCDA1}.Debug|Any CPU.ActiveCfg = Debug|Any CPU
		{F39169A7-75C4-47D3-9672-EC98557FCDA1}.Debug|Any CPU.Build.0 = Debug|Any CPU
		{F39169A7-75C4-47D3-9672-EC98557FCDA1}.Debug|x86.ActiveCfg = Debug|x86
		{F39169A7-75C4-47D3-9672-EC98557FCDA1}.Debug|x86.Build.0 = Debug|x86
		{F39169A7-75C4-47D3-9672-EC98557FCDA1}.Release|Any CPU.ActiveCfg = Release|Any CPU
		{F39169A7-75C4-47D3-9672-EC98557FCDA1}.Release|Any CPU.Build.0 = Release|Any CPU
		{F39169A7-75C4-47D3-9672-EC98557FCDA1}.Release|x86.ActiveCfg = Release|x86
		{F39169A7-75C4-47D3-9672-EC98557FCDA1}.Release|x86.Build.0 = Release|x86
		{251E8AE0-6DED-4701-8767-88001D931374}.Debug|Any CPU.ActiveCfg = Debug|Any CPU
		{251E8AE0-6DED-4701-8767-88001D931374}.Debug|Any CPU.Build.0 = Debug|Any CPU
		{251E8AE0-6DED-4701-8767-88001D931374}.Debug|x86.ActiveCfg = Debug|Any CPU
		{251E8AE0-6DED-4701-8767-88001D931374}.Release|Any CPU.ActiveCfg = Release|Any CPU
		{251E8AE0-6DED-4701-8767-88001D931374}.Release|Any CPU.Build.0 = Release|Any CPU
		{251E8AE0-6DED-4701-8767-88001D931374}.Release|x86.ActiveCfg = Release|Any CPU
		{A069CD61-568C-4467-A691-948EADC7D868}.Debug|Any CPU.ActiveCfg = Debug|Any CPU
		{A069CD61-568C-4467-A691-948EADC7D868}.Debug|Any CPU.Build.0 = Debug|Any CPU
		{A069CD61-568C-4467-A691-948EADC7D868}.Debug|x86.ActiveCfg = Debug|Any CPU
		{A069CD61-568C-4467-A691-948EADC7D868}.Release|Any CPU.ActiveCfg = Release|Any CPU
		{A069CD61-568C-4467-A691-948EADC7D868}.Release|Any CPU.Build.0 = Release|Any CPU
		{A069CD61-568C-4467-A691-948EADC7D868}.Release|x86.ActiveCfg = Release|Any CPU
		{00280BE4-6C61-47A3-9F8B-D8F69F0060DF}.Debug|Any CPU.ActiveCfg = Debug|Any CPU
		{00280BE4-6C61-47A3-9F8B-D8F69F0060DF}.Debug|Any CPU.Build.0 = Debug|Any CPU
		{00280BE4-6C61-47A3-9F8B-D8F69F0060DF}.Debug|x86.ActiveCfg = Debug|Any CPU
		{00280BE4-6C61-47A3-9F8B-D8F69F0060DF}.Release|Any CPU.ActiveCfg = Release|Any CPU
		{00280BE4-6C61-47A3-9F8B-D8F69F0060DF}.Release|Any CPU.Build.0 = Release|Any CPU
		{00280BE4-6C61-47A3-9F8B-D8F69F0060DF}.Release|x86.ActiveCfg = Release|Any CPU
		{E196C95F-0DE5-46AF-9F0C-9343D50DC07B}.Debug|Any CPU.ActiveCfg = Debug|Any CPU
		{E196C95F-0DE5-46AF-9F0C-9343D50DC07B}.Debug|Any CPU.Build.0 = Debug|Any CPU
		{E196C95F-0DE5-46AF-9F0C-9343D50DC07B}.Debug|x86.ActiveCfg = Debug|Any CPU
		{E196C95F-0DE5-46AF-9F0C-9343D50DC07B}.Release|Any CPU.ActiveCfg = Release|Any CPU
		{E196C95F-0DE5-46AF-9F0C-9343D50DC07B}.Release|Any CPU.Build.0 = Release|Any CPU
		{E196C95F-0DE5-46AF-9F0C-9343D50DC07B}.Release|x86.ActiveCfg = Release|Any CPU
		{CD166509-196D-4768-BC1D-6E9BE0C0796E}.Debug|Any CPU.ActiveCfg = Debug|Any CPU
		{CD166509-196D-4768-BC1D-6E9BE0C0796E}.Debug|Any CPU.Build.0 = Debug|Any CPU
		{CD166509-196D-4768-BC1D-6E9BE0C0796E}.Debug|x86.ActiveCfg = Debug|Any CPU
		{CD166509-196D-4768-BC1D-6E9BE0C0796E}.Release|Any CPU.ActiveCfg = Release|Any CPU
		{CD166509-196D-4768-BC1D-6E9BE0C0796E}.Release|Any CPU.Build.0 = Release|Any CPU
		{CD166509-196D-4768-BC1D-6E9BE0C0796E}.Release|x86.ActiveCfg = Release|Any CPU
	EndGlobalSection
	GlobalSection(SolutionProperties) = preSolution
		HideSolutionNode = FALSE
	EndGlobalSection
	GlobalSection(NestedProjects) = preSolution
		{3E6C6D06-C212-448E-BB34-11CDAFA697E8} = {2C5B94B3-AFFA-4363-AA47-9DE2BEC02E10}
		{E85CB030-30D6-468D-9061-559F937F1904} = {2C5B94B3-AFFA-4363-AA47-9DE2BEC02E10}
		{C501885F-20EC-424F-BA03-BF3762AC99E6} = {2C5B94B3-AFFA-4363-AA47-9DE2BEC02E10}
		{DC59F99B-75A5-4877-B71B-3C865E4876A3} = {2C5B94B3-AFFA-4363-AA47-9DE2BEC02E10}
		{04339BF5-52CF-4F60-A947-A09AA42990D4} = {2C5B94B3-AFFA-4363-AA47-9DE2BEC02E10}
		{7AA07A65-1BAA-4CE7-85B6-C3B801A685E0} = {2C5B94B3-AFFA-4363-AA47-9DE2BEC02E10}
		{F39169A7-75C4-47D3-9672-EC98557FCDA1} = {2C5B94B3-AFFA-4363-AA47-9DE2BEC02E10}
		{251E8AE0-6DED-4701-8767-88001D931374} = {2C5B94B3-AFFA-4363-AA47-9DE2BEC02E10}
		{CD166509-196D-4768-BC1D-6E9BE0C0796E} = {2C5B94B3-AFFA-4363-AA47-9DE2BEC02E10}
		{A069CD61-568C-4467-A691-948EADC7D868} = {7B44C714-4306-4530-B241-BB6F034FAB92}
		{E196C95F-0DE5-46AF-9F0C-9343D50DC07B} = {2251EE56-F538-4157-B097-30EF8EA1DDF7}
	EndGlobalSection
EndGlobal
