
Microsoft Visual Studio Solution File, Format Version 12.00
# Visual Studio 15
VisualStudioVersion = 15.0.26430.6
MinimumVisualStudioVersion = 10.0.40219.1
Project("{2150E333-8FDC-42A3-9474-1A3956D46DE8}") = "tests", "tests", "{AC480322-E26F-431F-8B31-D58B8CB04B06}"
EndProject
Project("{FAE04EC0-301F-11D3-BF4B-00C04F79EFBC}") = "DemoPlugin", "tests\plug-ins\DemoPlugin\DemoPlugin.csproj", "{657B29BE-A069-4DAA-80B0-CAA04F84ACA6}"
EndProject
Project("{FAE04EC0-301F-11D3-BF4B-00C04F79EFBC}") = "DemoPluginRef", "tests\plug-ins\DemoPluginRef\DemoPluginRef.csproj", "{25FE4D4B-56E5-48FE-9A7C-3653E3BAC3C8}"
EndProject
Project("{FAE04EC0-301F-11D3-BF4B-00C04F79EFBC}") = "DemoPluginInvalid", "tests\plug-ins\DemoPluginInvalid\DemoPluginInvalid.csproj", "{E0AC7741-C811-4BEB-876A-4190BD8E5528}"
EndProject
Project("{FAE04EC0-301F-11D3-BF4B-00C04F79EFBC}") = "DemoApplication", "tests\plug-ins\DemoApplication\DemoApplication.csproj", "{A11DE2A0-F449-4EB5-9BBF-30A90D322411}"
EndProject
Project("{2150E333-8FDC-42A3-9474-1A3956D46DE8}") = "ui-provider", "ui-provider", "{2D625362-0E98-490D-AD94-190C16329052}"
EndProject
Project("{FAE04EC0-301F-11D3-BF4B-00C04F79EFBC}") = "motoi.ui.windowsforms", "plug-ins\Motoi.UI.WindowsForms\motoi.ui.windowsforms.csproj", "{A069CD61-568C-4467-A691-948EADC7D868}"
EndProject
Project("{2150E333-8FDC-42A3-9474-1A3956D46DE8}") = "demo plug-ins", "demo plug-ins", "{D89E9583-5F2F-44BB-BF53-9CE8C6C8BC67}"
EndProject
Project("{FAE04EC0-301F-11D3-BF4B-00C04F79EFBC}") = "motoi.workbench.workspaceexplorer", "plug-ins\motoi.workbench.workspaceexplorer\motoi.workbench.workspaceexplorer.csproj", "{7CA52CC3-7E14-46DD-AD71-BC7BF858D7A8}"
EndProject
Project("{FAE04EC0-301F-11D3-BF4B-00C04F79EFBC}") = "motoi.workbench", "plug-ins\motoi.workbench\motoi.workbench.csproj", "{691F9CA7-639F-4FDD-AFF9-0BEAE6948288}"
EndProject
Project("{2150E333-8FDC-42A3-9474-1A3956D46DE8}") = "libs", "libs", "{D3E421FE-D9E3-45E3-B485-A31EC98BCF22}"
EndProject
Project("{FAE04EC0-301F-11D3-BF4B-00C04F79EFBC}") = "motoi.workbench.problemsview", "plug-ins\motoi.workbench.problemsview\motoi.workbench.problemsview.csproj", "{A20550E4-D0CA-451A-8D8C-CBDCF7E5A5B4}"
EndProject
Project("{FAE04EC0-301F-11D3-BF4B-00C04F79EFBC}") = "motoi.workbench.stub", "plug-ins\motoi.workbench.stub\motoi.workbench.stub.csproj", "{C788373F-1268-496C-BCCA-52F144A86440}"
EndProject
Project("{FAE04EC0-301F-11D3-BF4B-00C04F79EFBC}") = "motoi.workbench.propertyview", "plug-ins\motoi.workbench.propertyview\motoi.workbench.propertyview.csproj", "{4B81A7B7-FCB1-4B01-B0A6-DE7B1FCE8BF7}"
EndProject
Project("{FAE04EC0-301F-11D3-BF4B-00C04F79EFBC}") = "motoi.extensions", "libs\motoi.extensions\motoi.extensions.csproj", "{E85CB030-30D6-468D-9061-559F937F1904}"
EndProject
Project("{FAE04EC0-301F-11D3-BF4B-00C04F79EFBC}") = "motoi.plugins", "libs\motoi.plugins\motoi.plugins.csproj", "{DC59F99B-75A5-4877-B71B-3C865E4876A3}"
EndProject
Project("{2150E333-8FDC-42A3-9474-1A3956D46DE8}") = "tools", "tools", "{6F471498-E481-4BC1-BDDD-8DCA73039C97}"
EndProject
Project("{FAE04EC0-301F-11D3-BF4B-00C04F79EFBC}") = "Xcite.Collections", "libs\Xcite.Collections\Xcite.Collections.csproj", "{251E8AE0-6DED-4701-8767-88001D931374}"
EndProject
Project("{FAE04EC0-301F-11D3-BF4B-00C04F79EFBC}") = "Xcite.Csharp", "libs\Xcite.Csharp\Xcite.Csharp.csproj", "{2C899ABF-330F-4241-8986-2B2667173B8F}"
EndProject
Project("{FAE04EC0-301F-11D3-BF4B-00C04F79EFBC}") = "PTP", "libs\PTP\PTP.csproj", "{7AA07A65-1BAA-4CE7-85B6-C3B801A685E0}"
EndProject
Project("{FAE04EC0-301F-11D3-BF4B-00C04F79EFBC}") = "Tessa", "libs\Tessa\Tessa.csproj", "{F39169A7-75C4-47D3-9672-EC98557FCDA1}"
EndProject
Project("{FAE04EC0-301F-11D3-BF4B-00C04F79EFBC}") = "motoi.moose", "libs\motoi.moose\motoi.moose.csproj", "{A9090E88-9F3B-493A-8AA2-571A6F455FDB}"
EndProject
Project("{FAE04EC0-301F-11D3-BF4B-00C04F79EFBC}") = "motoi.moose.applicationstarter", "libs\motoi.moose.applicationstarter\motoi.moose.applicationstarter.csproj", "{6005D963-E42F-446D-9358-546324E5B3C4}"
EndProject
Project("{FAE04EC0-301F-11D3-BF4B-00C04F79EFBC}") = "motoi.extensions.tests", "tests\motoi.extensions.tests\motoi.extensions.tests.csproj", "{C80C3A7E-B82C-4865-83AA-5135A54ED84D}"
EndProject
Project("{FAE04EC0-301F-11D3-BF4B-00C04F79EFBC}") = "tessa.tests", "tests\tessa.tests\tessa.tests.csproj", "{31D960B3-45F7-4653-A8C1-40B7102CB2A5}"
EndProject
Project("{FAE04EC0-301F-11D3-BF4B-00C04F79EFBC}") = "PTP.tests", "tests\PTP.tests\PTP.tests.csproj", "{2711B44C-61FB-45DD-A6A6-9B31C3227524}"
EndProject
Project("{FAE04EC0-301F-11D3-BF4B-00C04F79EFBC}") = "motoi.plugins.tests", "tests\motoi.plugins.tests\motoi.plugins.tests.csproj", "{F0D28BDF-0E5E-4DD6-B790-54CFAC99B0AF}"
EndProject
Project("{2150E333-8FDC-42A3-9474-1A3956D46DE8}") = "platform", "platform", "{6C435A6E-D4CF-43AA-9B24-60DD2DCB9343}"
EndProject
Project("{FAE04EC0-301F-11D3-BF4B-00C04F79EFBC}") = "motoi.platform.resources", "plug-ins\motoi.platform.resources\motoi.platform.resources.csproj", "{4208230D-11F4-47D9-843A-493E89C5417E}"
EndProject
Project("{FAE04EC0-301F-11D3-BF4B-00C04F79EFBC}") = "motoi.platform.commons", "plug-ins\motoi.platform.commons\motoi.platform.commons.csproj", "{3E6C6D06-C212-448E-BB34-11CDAFA697E8}"
EndProject
Project("{FAE04EC0-301F-11D3-BF4B-00C04F79EFBC}") = "motoi.platform.ui", "plug-ins\motoi.platform.ui\motoi.platform.ui.csproj", "{04339BF5-52CF-4F60-A947-A09AA42990D4}"
EndProject
Project("{FAE04EC0-301F-11D3-BF4B-00C04F79EFBC}") = "motoi.platform.application", "plug-ins\motoi.platform.application\motoi.platform.application.csproj", "{C501885F-20EC-424F-BA03-BF3762AC99E6}"
EndProject
Project("{2150E333-8FDC-42A3-9474-1A3956D46DE8}") = "workbench", "workbench", "{ADFEE464-B721-4422-95E5-992493B92A69}"
EndProject
Project("{FAE04EC0-301F-11D3-BF4B-00C04F79EFBC}") = "motoi.ui.gtksharp", "plug-ins\motoi.ui.gtksharp\motoi.ui.gtksharp.csproj", "{3A6C9293-31EE-41BB-B7FC-B36AA5FD19EF}"
EndProject
Project("{FAE04EC0-301F-11D3-BF4B-00C04F79EFBC}") = "motoi.ui.wpf", "plug-ins\motoi.ui.wpf\motoi.ui.wpf.csproj", "{71A712F1-9E59-444A-B268-E4EBD8ED4E0F}"
EndProject
Project("{2150E333-8FDC-42A3-9474-1A3956D46DE8}") = "Solution Items", "Solution Items", "{33BFCE94-04D9-4ED5-A5A0-F0D30CE92915}"
	ProjectSection(SolutionItems) = preProject
		ProductAssemblyInfo.cs = ProductAssemblyInfo.cs
		WorkbenchProductAssemblyInfo.cs = WorkbenchProductAssemblyInfo.cs
	EndProjectSection
EndProject
Project("{FAE04EC0-301F-11D3-BF4B-00C04F79EFBC}") = "motoi.platform.application.tests", "tests\motoi.platform.application.tests\motoi.platform.application.tests.csproj", "{F65009ED-1895-4155-9ED0-549D6CC4231B}"
EndProject
Project("{FAE04EC0-301F-11D3-BF4B-00C04F79EFBC}") = "motoi.platform.nls", "plug-ins\motoi.platform.nls\motoi.platform.nls.csproj", "{3AF75CDE-1D3D-40ED-8E79-EB8C6F499B3B}"
EndProject
Global
	GlobalSection(SolutionConfigurationPlatforms) = preSolution
		Debug|Any CPU = Debug|Any CPU
		Debug|x86 = Debug|x86
		Default|Any CPU = Default|Any CPU
		Default|x86 = Default|x86
		Release|Any CPU = Release|Any CPU
		Release|x86 = Release|x86
	EndGlobalSection
	GlobalSection(ProjectConfigurationPlatforms) = postSolution
		{657B29BE-A069-4DAA-80B0-CAA04F84ACA6}.Debug|Any CPU.ActiveCfg = Debug|Any CPU
		{657B29BE-A069-4DAA-80B0-CAA04F84ACA6}.Debug|x86.ActiveCfg = Debug|Any CPU
		{657B29BE-A069-4DAA-80B0-CAA04F84ACA6}.Default|Any CPU.ActiveCfg = Debug|Any CPU
		{657B29BE-A069-4DAA-80B0-CAA04F84ACA6}.Default|Any CPU.Build.0 = Debug|Any CPU
		{657B29BE-A069-4DAA-80B0-CAA04F84ACA6}.Default|x86.ActiveCfg = Debug|Any CPU
		{657B29BE-A069-4DAA-80B0-CAA04F84ACA6}.Release|Any CPU.ActiveCfg = Release|Any CPU
		{657B29BE-A069-4DAA-80B0-CAA04F84ACA6}.Release|Any CPU.Build.0 = Release|Any CPU
		{657B29BE-A069-4DAA-80B0-CAA04F84ACA6}.Release|x86.ActiveCfg = Release|Any CPU
		{25FE4D4B-56E5-48FE-9A7C-3653E3BAC3C8}.Debug|Any CPU.ActiveCfg = Debug|Any CPU
		{25FE4D4B-56E5-48FE-9A7C-3653E3BAC3C8}.Debug|x86.ActiveCfg = Debug|Any CPU
		{25FE4D4B-56E5-48FE-9A7C-3653E3BAC3C8}.Default|Any CPU.ActiveCfg = Debug|Any CPU
		{25FE4D4B-56E5-48FE-9A7C-3653E3BAC3C8}.Default|Any CPU.Build.0 = Debug|Any CPU
		{25FE4D4B-56E5-48FE-9A7C-3653E3BAC3C8}.Default|x86.ActiveCfg = Debug|Any CPU
		{25FE4D4B-56E5-48FE-9A7C-3653E3BAC3C8}.Release|Any CPU.ActiveCfg = Release|Any CPU
		{25FE4D4B-56E5-48FE-9A7C-3653E3BAC3C8}.Release|Any CPU.Build.0 = Release|Any CPU
		{25FE4D4B-56E5-48FE-9A7C-3653E3BAC3C8}.Release|x86.ActiveCfg = Release|Any CPU
		{E0AC7741-C811-4BEB-876A-4190BD8E5528}.Debug|Any CPU.ActiveCfg = Debug|Any CPU
		{E0AC7741-C811-4BEB-876A-4190BD8E5528}.Debug|x86.ActiveCfg = Debug|Any CPU
		{E0AC7741-C811-4BEB-876A-4190BD8E5528}.Default|Any CPU.ActiveCfg = Debug|Any CPU
		{E0AC7741-C811-4BEB-876A-4190BD8E5528}.Default|Any CPU.Build.0 = Debug|Any CPU
		{E0AC7741-C811-4BEB-876A-4190BD8E5528}.Default|x86.ActiveCfg = Debug|Any CPU
		{E0AC7741-C811-4BEB-876A-4190BD8E5528}.Release|Any CPU.ActiveCfg = Release|Any CPU
		{E0AC7741-C811-4BEB-876A-4190BD8E5528}.Release|Any CPU.Build.0 = Release|Any CPU
		{E0AC7741-C811-4BEB-876A-4190BD8E5528}.Release|x86.ActiveCfg = Release|Any CPU
		{A11DE2A0-F449-4EB5-9BBF-30A90D322411}.Debug|Any CPU.ActiveCfg = Debug|Any CPU
		{A11DE2A0-F449-4EB5-9BBF-30A90D322411}.Debug|x86.ActiveCfg = Debug|Any CPU
		{A11DE2A0-F449-4EB5-9BBF-30A90D322411}.Default|Any CPU.ActiveCfg = Debug|Any CPU
		{A11DE2A0-F449-4EB5-9BBF-30A90D322411}.Default|Any CPU.Build.0 = Debug|Any CPU
		{A11DE2A0-F449-4EB5-9BBF-30A90D322411}.Default|x86.ActiveCfg = Debug|Any CPU
		{A11DE2A0-F449-4EB5-9BBF-30A90D322411}.Release|Any CPU.ActiveCfg = Release|Any CPU
		{A11DE2A0-F449-4EB5-9BBF-30A90D322411}.Release|Any CPU.Build.0 = Release|Any CPU
		{A11DE2A0-F449-4EB5-9BBF-30A90D322411}.Release|x86.ActiveCfg = Release|Any CPU
		{A069CD61-568C-4467-A691-948EADC7D868}.Debug|Any CPU.ActiveCfg = Debug|Any CPU
		{A069CD61-568C-4467-A691-948EADC7D868}.Debug|Any CPU.Build.0 = Debug|Any CPU
		{A069CD61-568C-4467-A691-948EADC7D868}.Debug|x86.ActiveCfg = Debug|Any CPU
		{A069CD61-568C-4467-A691-948EADC7D868}.Default|Any CPU.ActiveCfg = Debug|Any CPU
		{A069CD61-568C-4467-A691-948EADC7D868}.Default|Any CPU.Build.0 = Debug|Any CPU
		{A069CD61-568C-4467-A691-948EADC7D868}.Default|x86.ActiveCfg = Debug|Any CPU
		{A069CD61-568C-4467-A691-948EADC7D868}.Release|Any CPU.ActiveCfg = Release|Any CPU
		{A069CD61-568C-4467-A691-948EADC7D868}.Release|Any CPU.Build.0 = Release|Any CPU
		{A069CD61-568C-4467-A691-948EADC7D868}.Release|x86.ActiveCfg = Release|Any CPU
		{7CA52CC3-7E14-46DD-AD71-BC7BF858D7A8}.Debug|Any CPU.ActiveCfg = Debug|Any CPU
		{7CA52CC3-7E14-46DD-AD71-BC7BF858D7A8}.Debug|Any CPU.Build.0 = Debug|Any CPU
		{7CA52CC3-7E14-46DD-AD71-BC7BF858D7A8}.Debug|x86.ActiveCfg = Debug|Any CPU
		{7CA52CC3-7E14-46DD-AD71-BC7BF858D7A8}.Default|Any CPU.ActiveCfg = Debug|Any CPU
		{7CA52CC3-7E14-46DD-AD71-BC7BF858D7A8}.Default|Any CPU.Build.0 = Debug|Any CPU
		{7CA52CC3-7E14-46DD-AD71-BC7BF858D7A8}.Default|x86.ActiveCfg = Debug|Any CPU
		{7CA52CC3-7E14-46DD-AD71-BC7BF858D7A8}.Release|Any CPU.ActiveCfg = Release|Any CPU
		{7CA52CC3-7E14-46DD-AD71-BC7BF858D7A8}.Release|Any CPU.Build.0 = Release|Any CPU
		{7CA52CC3-7E14-46DD-AD71-BC7BF858D7A8}.Release|x86.ActiveCfg = Release|Any CPU
		{691F9CA7-639F-4FDD-AFF9-0BEAE6948288}.Debug|Any CPU.ActiveCfg = Debug|Any CPU
		{691F9CA7-639F-4FDD-AFF9-0BEAE6948288}.Debug|Any CPU.Build.0 = Debug|Any CPU
		{691F9CA7-639F-4FDD-AFF9-0BEAE6948288}.Debug|x86.ActiveCfg = Debug|Any CPU
		{691F9CA7-639F-4FDD-AFF9-0BEAE6948288}.Default|Any CPU.ActiveCfg = Debug|Any CPU
		{691F9CA7-639F-4FDD-AFF9-0BEAE6948288}.Default|Any CPU.Build.0 = Debug|Any CPU
		{691F9CA7-639F-4FDD-AFF9-0BEAE6948288}.Default|x86.ActiveCfg = Debug|Any CPU
		{691F9CA7-639F-4FDD-AFF9-0BEAE6948288}.Release|Any CPU.ActiveCfg = Release|Any CPU
		{691F9CA7-639F-4FDD-AFF9-0BEAE6948288}.Release|Any CPU.Build.0 = Release|Any CPU
		{691F9CA7-639F-4FDD-AFF9-0BEAE6948288}.Release|x86.ActiveCfg = Release|Any CPU
		{A20550E4-D0CA-451A-8D8C-CBDCF7E5A5B4}.Debug|Any CPU.ActiveCfg = Debug|Any CPU
		{A20550E4-D0CA-451A-8D8C-CBDCF7E5A5B4}.Debug|Any CPU.Build.0 = Debug|Any CPU
		{A20550E4-D0CA-451A-8D8C-CBDCF7E5A5B4}.Debug|x86.ActiveCfg = Debug|Any CPU
		{A20550E4-D0CA-451A-8D8C-CBDCF7E5A5B4}.Default|Any CPU.ActiveCfg = Debug|Any CPU
		{A20550E4-D0CA-451A-8D8C-CBDCF7E5A5B4}.Default|Any CPU.Build.0 = Debug|Any CPU
		{A20550E4-D0CA-451A-8D8C-CBDCF7E5A5B4}.Default|x86.ActiveCfg = Debug|Any CPU
		{A20550E4-D0CA-451A-8D8C-CBDCF7E5A5B4}.Release|Any CPU.ActiveCfg = Release|Any CPU
		{A20550E4-D0CA-451A-8D8C-CBDCF7E5A5B4}.Release|Any CPU.Build.0 = Release|Any CPU
		{A20550E4-D0CA-451A-8D8C-CBDCF7E5A5B4}.Release|x86.ActiveCfg = Release|Any CPU
		{C788373F-1268-496C-BCCA-52F144A86440}.Debug|Any CPU.ActiveCfg = Debug|Any CPU
		{C788373F-1268-496C-BCCA-52F144A86440}.Debug|Any CPU.Build.0 = Debug|Any CPU
		{C788373F-1268-496C-BCCA-52F144A86440}.Debug|x86.ActiveCfg = Debug|Any CPU
		{C788373F-1268-496C-BCCA-52F144A86440}.Default|Any CPU.ActiveCfg = Debug|Any CPU
		{C788373F-1268-496C-BCCA-52F144A86440}.Default|Any CPU.Build.0 = Debug|Any CPU
		{C788373F-1268-496C-BCCA-52F144A86440}.Default|x86.ActiveCfg = Debug|Any CPU
		{C788373F-1268-496C-BCCA-52F144A86440}.Release|Any CPU.ActiveCfg = Release|Any CPU
		{C788373F-1268-496C-BCCA-52F144A86440}.Release|Any CPU.Build.0 = Release|Any CPU
		{C788373F-1268-496C-BCCA-52F144A86440}.Release|x86.ActiveCfg = Release|Any CPU
		{4B81A7B7-FCB1-4B01-B0A6-DE7B1FCE8BF7}.Debug|Any CPU.ActiveCfg = Debug|Any CPU
		{4B81A7B7-FCB1-4B01-B0A6-DE7B1FCE8BF7}.Debug|Any CPU.Build.0 = Debug|Any CPU
		{4B81A7B7-FCB1-4B01-B0A6-DE7B1FCE8BF7}.Debug|x86.ActiveCfg = Debug|Any CPU
		{4B81A7B7-FCB1-4B01-B0A6-DE7B1FCE8BF7}.Default|Any CPU.ActiveCfg = Debug|Any CPU
		{4B81A7B7-FCB1-4B01-B0A6-DE7B1FCE8BF7}.Default|Any CPU.Build.0 = Debug|Any CPU
		{4B81A7B7-FCB1-4B01-B0A6-DE7B1FCE8BF7}.Default|x86.ActiveCfg = Debug|Any CPU
		{4B81A7B7-FCB1-4B01-B0A6-DE7B1FCE8BF7}.Release|Any CPU.ActiveCfg = Release|Any CPU
		{4B81A7B7-FCB1-4B01-B0A6-DE7B1FCE8BF7}.Release|Any CPU.Build.0 = Release|Any CPU
		{4B81A7B7-FCB1-4B01-B0A6-DE7B1FCE8BF7}.Release|x86.ActiveCfg = Release|Any CPU
		{E85CB030-30D6-468D-9061-559F937F1904}.Debug|Any CPU.ActiveCfg = Debug|Any CPU
		{E85CB030-30D6-468D-9061-559F937F1904}.Debug|Any CPU.Build.0 = Debug|Any CPU
		{E85CB030-30D6-468D-9061-559F937F1904}.Debug|x86.ActiveCfg = Debug|Any CPU
		{E85CB030-30D6-468D-9061-559F937F1904}.Default|Any CPU.ActiveCfg = Debug|Any CPU
		{E85CB030-30D6-468D-9061-559F937F1904}.Default|Any CPU.Build.0 = Debug|Any CPU
		{E85CB030-30D6-468D-9061-559F937F1904}.Default|x86.ActiveCfg = Debug|Any CPU
		{E85CB030-30D6-468D-9061-559F937F1904}.Release|Any CPU.ActiveCfg = Release|Any CPU
		{E85CB030-30D6-468D-9061-559F937F1904}.Release|Any CPU.Build.0 = Release|Any CPU
		{E85CB030-30D6-468D-9061-559F937F1904}.Release|x86.ActiveCfg = Release|Any CPU
		{DC59F99B-75A5-4877-B71B-3C865E4876A3}.Debug|Any CPU.ActiveCfg = Debug|Any CPU
		{DC59F99B-75A5-4877-B71B-3C865E4876A3}.Debug|Any CPU.Build.0 = Debug|Any CPU
		{DC59F99B-75A5-4877-B71B-3C865E4876A3}.Debug|x86.ActiveCfg = Debug|Any CPU
		{DC59F99B-75A5-4877-B71B-3C865E4876A3}.Default|Any CPU.ActiveCfg = Debug|Any CPU
		{DC59F99B-75A5-4877-B71B-3C865E4876A3}.Default|Any CPU.Build.0 = Debug|Any CPU
		{DC59F99B-75A5-4877-B71B-3C865E4876A3}.Default|x86.ActiveCfg = Debug|Any CPU
		{DC59F99B-75A5-4877-B71B-3C865E4876A3}.Release|Any CPU.ActiveCfg = Release|Any CPU
		{DC59F99B-75A5-4877-B71B-3C865E4876A3}.Release|Any CPU.Build.0 = Release|Any CPU
		{DC59F99B-75A5-4877-B71B-3C865E4876A3}.Release|x86.ActiveCfg = Release|Any CPU
		{251E8AE0-6DED-4701-8767-88001D931374}.Debug|Any CPU.ActiveCfg = Debug|Any CPU
		{251E8AE0-6DED-4701-8767-88001D931374}.Debug|Any CPU.Build.0 = Debug|Any CPU
		{251E8AE0-6DED-4701-8767-88001D931374}.Debug|x86.ActiveCfg = Debug|Any CPU
		{251E8AE0-6DED-4701-8767-88001D931374}.Default|Any CPU.ActiveCfg = Debug|Any CPU
		{251E8AE0-6DED-4701-8767-88001D931374}.Default|Any CPU.Build.0 = Debug|Any CPU
		{251E8AE0-6DED-4701-8767-88001D931374}.Default|x86.ActiveCfg = Debug|Any CPU
		{251E8AE0-6DED-4701-8767-88001D931374}.Release|Any CPU.ActiveCfg = Release|Any CPU
		{251E8AE0-6DED-4701-8767-88001D931374}.Release|Any CPU.Build.0 = Release|Any CPU
		{251E8AE0-6DED-4701-8767-88001D931374}.Release|x86.ActiveCfg = Release|Any CPU
		{2C899ABF-330F-4241-8986-2B2667173B8F}.Debug|Any CPU.ActiveCfg = Debug|Any CPU
		{2C899ABF-330F-4241-8986-2B2667173B8F}.Debug|Any CPU.Build.0 = Debug|Any CPU
		{2C899ABF-330F-4241-8986-2B2667173B8F}.Debug|x86.ActiveCfg = Debug|Any CPU
		{2C899ABF-330F-4241-8986-2B2667173B8F}.Default|Any CPU.ActiveCfg = Debug|Any CPU
		{2C899ABF-330F-4241-8986-2B2667173B8F}.Default|Any CPU.Build.0 = Debug|Any CPU
		{2C899ABF-330F-4241-8986-2B2667173B8F}.Default|x86.ActiveCfg = Debug|Any CPU
		{2C899ABF-330F-4241-8986-2B2667173B8F}.Release|Any CPU.ActiveCfg = Release|Any CPU
		{2C899ABF-330F-4241-8986-2B2667173B8F}.Release|Any CPU.Build.0 = Release|Any CPU
		{2C899ABF-330F-4241-8986-2B2667173B8F}.Release|x86.ActiveCfg = Release|Any CPU
		{7AA07A65-1BAA-4CE7-85B6-C3B801A685E0}.Debug|Any CPU.ActiveCfg = Debug|Any CPU
		{7AA07A65-1BAA-4CE7-85B6-C3B801A685E0}.Debug|Any CPU.Build.0 = Debug|Any CPU
		{7AA07A65-1BAA-4CE7-85B6-C3B801A685E0}.Debug|x86.ActiveCfg = Debug|Any CPU
		{7AA07A65-1BAA-4CE7-85B6-C3B801A685E0}.Default|Any CPU.ActiveCfg = Debug|Any CPU
		{7AA07A65-1BAA-4CE7-85B6-C3B801A685E0}.Default|Any CPU.Build.0 = Debug|Any CPU
		{7AA07A65-1BAA-4CE7-85B6-C3B801A685E0}.Default|x86.ActiveCfg = Debug|Any CPU
		{7AA07A65-1BAA-4CE7-85B6-C3B801A685E0}.Release|Any CPU.ActiveCfg = Release|Any CPU
		{7AA07A65-1BAA-4CE7-85B6-C3B801A685E0}.Release|Any CPU.Build.0 = Release|Any CPU
		{7AA07A65-1BAA-4CE7-85B6-C3B801A685E0}.Release|x86.ActiveCfg = Release|Any CPU
		{F39169A7-75C4-47D3-9672-EC98557FCDA1}.Debug|Any CPU.ActiveCfg = Debug|Any CPU
		{F39169A7-75C4-47D3-9672-EC98557FCDA1}.Debug|Any CPU.Build.0 = Debug|Any CPU
		{F39169A7-75C4-47D3-9672-EC98557FCDA1}.Debug|x86.ActiveCfg = Debug|x86
		{F39169A7-75C4-47D3-9672-EC98557FCDA1}.Debug|x86.Build.0 = Debug|x86
		{F39169A7-75C4-47D3-9672-EC98557FCDA1}.Default|Any CPU.ActiveCfg = Debug|Any CPU
		{F39169A7-75C4-47D3-9672-EC98557FCDA1}.Default|Any CPU.Build.0 = Debug|Any CPU
		{F39169A7-75C4-47D3-9672-EC98557FCDA1}.Default|x86.ActiveCfg = Debug|x86
		{F39169A7-75C4-47D3-9672-EC98557FCDA1}.Default|x86.Build.0 = Debug|x86
		{F39169A7-75C4-47D3-9672-EC98557FCDA1}.Release|Any CPU.ActiveCfg = Release|Any CPU
		{F39169A7-75C4-47D3-9672-EC98557FCDA1}.Release|Any CPU.Build.0 = Release|Any CPU
		{F39169A7-75C4-47D3-9672-EC98557FCDA1}.Release|x86.ActiveCfg = Release|x86
		{F39169A7-75C4-47D3-9672-EC98557FCDA1}.Release|x86.Build.0 = Release|x86
		{A9090E88-9F3B-493A-8AA2-571A6F455FDB}.Debug|Any CPU.ActiveCfg = Debug|Any CPU
		{A9090E88-9F3B-493A-8AA2-571A6F455FDB}.Debug|Any CPU.Build.0 = Debug|Any CPU
		{A9090E88-9F3B-493A-8AA2-571A6F455FDB}.Debug|x86.ActiveCfg = Debug|Any CPU
		{A9090E88-9F3B-493A-8AA2-571A6F455FDB}.Default|Any CPU.ActiveCfg = Debug|Any CPU
		{A9090E88-9F3B-493A-8AA2-571A6F455FDB}.Default|Any CPU.Build.0 = Debug|Any CPU
		{A9090E88-9F3B-493A-8AA2-571A6F455FDB}.Default|x86.ActiveCfg = Debug|Any CPU
		{A9090E88-9F3B-493A-8AA2-571A6F455FDB}.Release|Any CPU.ActiveCfg = Release|Any CPU
		{A9090E88-9F3B-493A-8AA2-571A6F455FDB}.Release|Any CPU.Build.0 = Release|Any CPU
		{A9090E88-9F3B-493A-8AA2-571A6F455FDB}.Release|x86.ActiveCfg = Release|Any CPU
		{6005D963-E42F-446D-9358-546324E5B3C4}.Debug|Any CPU.ActiveCfg = Debug|Any CPU
		{6005D963-E42F-446D-9358-546324E5B3C4}.Debug|Any CPU.Build.0 = Debug|Any CPU
		{6005D963-E42F-446D-9358-546324E5B3C4}.Debug|x86.ActiveCfg = Debug|Any CPU
		{6005D963-E42F-446D-9358-546324E5B3C4}.Default|Any CPU.ActiveCfg = Debug|Any CPU
		{6005D963-E42F-446D-9358-546324E5B3C4}.Default|Any CPU.Build.0 = Debug|Any CPU
		{6005D963-E42F-446D-9358-546324E5B3C4}.Default|x86.ActiveCfg = Debug|Any CPU
		{6005D963-E42F-446D-9358-546324E5B3C4}.Release|Any CPU.ActiveCfg = Release|Any CPU
		{6005D963-E42F-446D-9358-546324E5B3C4}.Release|Any CPU.Build.0 = Release|Any CPU
		{6005D963-E42F-446D-9358-546324E5B3C4}.Release|x86.ActiveCfg = Release|Any CPU
		{C80C3A7E-B82C-4865-83AA-5135A54ED84D}.Debug|Any CPU.ActiveCfg = Debug|Any CPU
		{C80C3A7E-B82C-4865-83AA-5135A54ED84D}.Debug|Any CPU.Build.0 = Debug|Any CPU
		{C80C3A7E-B82C-4865-83AA-5135A54ED84D}.Debug|x86.ActiveCfg = Debug|Any CPU
		{C80C3A7E-B82C-4865-83AA-5135A54ED84D}.Default|Any CPU.ActiveCfg = Debug|Any CPU
		{C80C3A7E-B82C-4865-83AA-5135A54ED84D}.Default|Any CPU.Build.0 = Debug|Any CPU
		{C80C3A7E-B82C-4865-83AA-5135A54ED84D}.Default|x86.ActiveCfg = Debug|Any CPU
		{C80C3A7E-B82C-4865-83AA-5135A54ED84D}.Release|Any CPU.ActiveCfg = Release|Any CPU
		{C80C3A7E-B82C-4865-83AA-5135A54ED84D}.Release|Any CPU.Build.0 = Release|Any CPU
		{C80C3A7E-B82C-4865-83AA-5135A54ED84D}.Release|x86.ActiveCfg = Release|Any CPU
		{31D960B3-45F7-4653-A8C1-40B7102CB2A5}.Debug|Any CPU.ActiveCfg = Debug|Any CPU
		{31D960B3-45F7-4653-A8C1-40B7102CB2A5}.Debug|Any CPU.Build.0 = Debug|Any CPU
		{31D960B3-45F7-4653-A8C1-40B7102CB2A5}.Debug|x86.ActiveCfg = Debug|Any CPU
		{31D960B3-45F7-4653-A8C1-40B7102CB2A5}.Default|Any CPU.ActiveCfg = Debug|Any CPU
		{31D960B3-45F7-4653-A8C1-40B7102CB2A5}.Default|Any CPU.Build.0 = Debug|Any CPU
		{31D960B3-45F7-4653-A8C1-40B7102CB2A5}.Default|x86.ActiveCfg = Debug|Any CPU
		{31D960B3-45F7-4653-A8C1-40B7102CB2A5}.Release|Any CPU.ActiveCfg = Release|Any CPU
		{31D960B3-45F7-4653-A8C1-40B7102CB2A5}.Release|Any CPU.Build.0 = Release|Any CPU
		{31D960B3-45F7-4653-A8C1-40B7102CB2A5}.Release|x86.ActiveCfg = Release|Any CPU
		{2711B44C-61FB-45DD-A6A6-9B31C3227524}.Debug|Any CPU.ActiveCfg = Debug|Any CPU
		{2711B44C-61FB-45DD-A6A6-9B31C3227524}.Debug|Any CPU.Build.0 = Debug|Any CPU
		{2711B44C-61FB-45DD-A6A6-9B31C3227524}.Debug|x86.ActiveCfg = Debug|Any CPU
		{2711B44C-61FB-45DD-A6A6-9B31C3227524}.Default|Any CPU.ActiveCfg = Debug|Any CPU
		{2711B44C-61FB-45DD-A6A6-9B31C3227524}.Default|Any CPU.Build.0 = Debug|Any CPU
		{2711B44C-61FB-45DD-A6A6-9B31C3227524}.Default|x86.ActiveCfg = Debug|Any CPU
		{2711B44C-61FB-45DD-A6A6-9B31C3227524}.Release|Any CPU.ActiveCfg = Release|Any CPU
		{2711B44C-61FB-45DD-A6A6-9B31C3227524}.Release|Any CPU.Build.0 = Release|Any CPU
		{2711B44C-61FB-45DD-A6A6-9B31C3227524}.Release|x86.ActiveCfg = Release|Any CPU
		{F0D28BDF-0E5E-4DD6-B790-54CFAC99B0AF}.Debug|Any CPU.ActiveCfg = Debug|Any CPU
		{F0D28BDF-0E5E-4DD6-B790-54CFAC99B0AF}.Debug|Any CPU.Build.0 = Debug|Any CPU
		{F0D28BDF-0E5E-4DD6-B790-54CFAC99B0AF}.Debug|x86.ActiveCfg = Debug|Any CPU
		{F0D28BDF-0E5E-4DD6-B790-54CFAC99B0AF}.Default|Any CPU.ActiveCfg = Debug|Any CPU
		{F0D28BDF-0E5E-4DD6-B790-54CFAC99B0AF}.Default|Any CPU.Build.0 = Debug|Any CPU
		{F0D28BDF-0E5E-4DD6-B790-54CFAC99B0AF}.Default|x86.ActiveCfg = Debug|Any CPU
		{F0D28BDF-0E5E-4DD6-B790-54CFAC99B0AF}.Release|Any CPU.ActiveCfg = Release|Any CPU
		{F0D28BDF-0E5E-4DD6-B790-54CFAC99B0AF}.Release|Any CPU.Build.0 = Release|Any CPU
		{F0D28BDF-0E5E-4DD6-B790-54CFAC99B0AF}.Release|x86.ActiveCfg = Release|Any CPU
		{4208230D-11F4-47D9-843A-493E89C5417E}.Debug|Any CPU.ActiveCfg = Debug|Any CPU
		{4208230D-11F4-47D9-843A-493E89C5417E}.Debug|Any CPU.Build.0 = Debug|Any CPU
		{4208230D-11F4-47D9-843A-493E89C5417E}.Debug|x86.ActiveCfg = Debug|Any CPU
		{4208230D-11F4-47D9-843A-493E89C5417E}.Default|Any CPU.ActiveCfg = Debug|Any CPU
		{4208230D-11F4-47D9-843A-493E89C5417E}.Default|Any CPU.Build.0 = Debug|Any CPU
		{4208230D-11F4-47D9-843A-493E89C5417E}.Default|x86.ActiveCfg = Debug|Any CPU
		{4208230D-11F4-47D9-843A-493E89C5417E}.Release|Any CPU.ActiveCfg = Release|Any CPU
		{4208230D-11F4-47D9-843A-493E89C5417E}.Release|Any CPU.Build.0 = Release|Any CPU
		{4208230D-11F4-47D9-843A-493E89C5417E}.Release|x86.ActiveCfg = Release|Any CPU
		{3E6C6D06-C212-448E-BB34-11CDAFA697E8}.Debug|Any CPU.ActiveCfg = Debug|Any CPU
		{3E6C6D06-C212-448E-BB34-11CDAFA697E8}.Debug|Any CPU.Build.0 = Debug|Any CPU
		{3E6C6D06-C212-448E-BB34-11CDAFA697E8}.Debug|x86.ActiveCfg = Debug|Any CPU
		{3E6C6D06-C212-448E-BB34-11CDAFA697E8}.Default|Any CPU.ActiveCfg = Debug|Any CPU
		{3E6C6D06-C212-448E-BB34-11CDAFA697E8}.Default|Any CPU.Build.0 = Debug|Any CPU
		{3E6C6D06-C212-448E-BB34-11CDAFA697E8}.Default|x86.ActiveCfg = Debug|Any CPU
		{3E6C6D06-C212-448E-BB34-11CDAFA697E8}.Release|Any CPU.ActiveCfg = Release|Any CPU
		{3E6C6D06-C212-448E-BB34-11CDAFA697E8}.Release|Any CPU.Build.0 = Release|Any CPU
		{3E6C6D06-C212-448E-BB34-11CDAFA697E8}.Release|x86.ActiveCfg = Release|Any CPU
		{04339BF5-52CF-4F60-A947-A09AA42990D4}.Debug|Any CPU.ActiveCfg = Debug|Any CPU
		{04339BF5-52CF-4F60-A947-A09AA42990D4}.Debug|Any CPU.Build.0 = Debug|Any CPU
		{04339BF5-52CF-4F60-A947-A09AA42990D4}.Debug|x86.ActiveCfg = Debug|Any CPU
		{04339BF5-52CF-4F60-A947-A09AA42990D4}.Default|Any CPU.ActiveCfg = Debug|Any CPU
		{04339BF5-52CF-4F60-A947-A09AA42990D4}.Default|Any CPU.Build.0 = Debug|Any CPU
		{04339BF5-52CF-4F60-A947-A09AA42990D4}.Default|x86.ActiveCfg = Debug|Any CPU
		{04339BF5-52CF-4F60-A947-A09AA42990D4}.Release|Any CPU.ActiveCfg = Release|Any CPU
		{04339BF5-52CF-4F60-A947-A09AA42990D4}.Release|Any CPU.Build.0 = Release|Any CPU
		{04339BF5-52CF-4F60-A947-A09AA42990D4}.Release|x86.ActiveCfg = Release|Any CPU
		{C501885F-20EC-424F-BA03-BF3762AC99E6}.Debug|Any CPU.ActiveCfg = Debug|Any CPU
		{C501885F-20EC-424F-BA03-BF3762AC99E6}.Debug|Any CPU.Build.0 = Debug|Any CPU
		{C501885F-20EC-424F-BA03-BF3762AC99E6}.Debug|x86.ActiveCfg = Debug|x86
		{C501885F-20EC-424F-BA03-BF3762AC99E6}.Debug|x86.Build.0 = Debug|x86
		{C501885F-20EC-424F-BA03-BF3762AC99E6}.Default|Any CPU.ActiveCfg = Debug|Any CPU
		{C501885F-20EC-424F-BA03-BF3762AC99E6}.Default|Any CPU.Build.0 = Debug|Any CPU
		{C501885F-20EC-424F-BA03-BF3762AC99E6}.Default|x86.ActiveCfg = Debug|x86
		{C501885F-20EC-424F-BA03-BF3762AC99E6}.Default|x86.Build.0 = Debug|x86
		{C501885F-20EC-424F-BA03-BF3762AC99E6}.Release|Any CPU.ActiveCfg = Release|Any CPU
		{C501885F-20EC-424F-BA03-BF3762AC99E6}.Release|Any CPU.Build.0 = Release|Any CPU
		{C501885F-20EC-424F-BA03-BF3762AC99E6}.Release|x86.ActiveCfg = Release|x86
		{C501885F-20EC-424F-BA03-BF3762AC99E6}.Release|x86.Build.0 = Release|x86
		{3A6C9293-31EE-41BB-B7FC-B36AA5FD19EF}.Debug|Any CPU.ActiveCfg = Debug|Any CPU
		{3A6C9293-31EE-41BB-B7FC-B36AA5FD19EF}.Debug|Any CPU.Build.0 = Debug|Any CPU
		{3A6C9293-31EE-41BB-B7FC-B36AA5FD19EF}.Debug|x86.ActiveCfg = Debug|Any CPU
		{3A6C9293-31EE-41BB-B7FC-B36AA5FD19EF}.Default|Any CPU.ActiveCfg = Debug|Any CPU
		{3A6C9293-31EE-41BB-B7FC-B36AA5FD19EF}.Default|Any CPU.Build.0 = Debug|Any CPU
		{3A6C9293-31EE-41BB-B7FC-B36AA5FD19EF}.Default|x86.ActiveCfg = Debug|Any CPU
		{3A6C9293-31EE-41BB-B7FC-B36AA5FD19EF}.Release|Any CPU.ActiveCfg = Release|Any CPU
		{3A6C9293-31EE-41BB-B7FC-B36AA5FD19EF}.Release|Any CPU.Build.0 = Release|Any CPU
		{3A6C9293-31EE-41BB-B7FC-B36AA5FD19EF}.Release|x86.ActiveCfg = Release|Any CPU
		{71A712F1-9E59-444A-B268-E4EBD8ED4E0F}.Debug|Any CPU.ActiveCfg = Debug|Any CPU
		{71A712F1-9E59-444A-B268-E4EBD8ED4E0F}.Debug|Any CPU.Build.0 = Debug|Any CPU
		{71A712F1-9E59-444A-B268-E4EBD8ED4E0F}.Debug|x86.ActiveCfg = Debug|Any CPU
		{71A712F1-9E59-444A-B268-E4EBD8ED4E0F}.Default|Any CPU.ActiveCfg = Debug|Any CPU
		{71A712F1-9E59-444A-B268-E4EBD8ED4E0F}.Default|Any CPU.Build.0 = Debug|Any CPU
		{71A712F1-9E59-444A-B268-E4EBD8ED4E0F}.Default|x86.ActiveCfg = Debug|Any CPU
		{71A712F1-9E59-444A-B268-E4EBD8ED4E0F}.Release|Any CPU.ActiveCfg = Release|Any CPU
		{71A712F1-9E59-444A-B268-E4EBD8ED4E0F}.Release|Any CPU.Build.0 = Release|Any CPU
		{71A712F1-9E59-444A-B268-E4EBD8ED4E0F}.Release|x86.ActiveCfg = Release|Any CPU
		{F65009ED-1895-4155-9ED0-549D6CC4231B}.Debug|Any CPU.ActiveCfg = Debug|Any CPU
		{F65009ED-1895-4155-9ED0-549D6CC4231B}.Debug|Any CPU.Build.0 = Debug|Any CPU
		{F65009ED-1895-4155-9ED0-549D6CC4231B}.Debug|x86.ActiveCfg = Debug|Any CPU
		{F65009ED-1895-4155-9ED0-549D6CC4231B}.Debug|x86.Build.0 = Debug|Any CPU
		{F65009ED-1895-4155-9ED0-549D6CC4231B}.Default|Any CPU.ActiveCfg = Debug|Any CPU
		{F65009ED-1895-4155-9ED0-549D6CC4231B}.Default|Any CPU.Build.0 = Debug|Any CPU
		{F65009ED-1895-4155-9ED0-549D6CC4231B}.Default|x86.ActiveCfg = Debug|Any CPU
		{F65009ED-1895-4155-9ED0-549D6CC4231B}.Default|x86.Build.0 = Debug|Any CPU
		{F65009ED-1895-4155-9ED0-549D6CC4231B}.Release|Any CPU.ActiveCfg = Release|Any CPU
		{F65009ED-1895-4155-9ED0-549D6CC4231B}.Release|Any CPU.Build.0 = Release|Any CPU
		{F65009ED-1895-4155-9ED0-549D6CC4231B}.Release|x86.ActiveCfg = Release|Any CPU
		{F65009ED-1895-4155-9ED0-549D6CC4231B}.Release|x86.Build.0 = Release|Any CPU
		{3AF75CDE-1D3D-40ED-8E79-EB8C6F499B3B}.Debug|Any CPU.ActiveCfg = Debug|Any CPU
		{3AF75CDE-1D3D-40ED-8E79-EB8C6F499B3B}.Debug|Any CPU.Build.0 = Debug|Any CPU
		{3AF75CDE-1D3D-40ED-8E79-EB8C6F499B3B}.Debug|x86.ActiveCfg = Debug|Any CPU
		{3AF75CDE-1D3D-40ED-8E79-EB8C6F499B3B}.Debug|x86.Build.0 = Debug|Any CPU
		{3AF75CDE-1D3D-40ED-8E79-EB8C6F499B3B}.Default|Any CPU.ActiveCfg = Debug|Any CPU
		{3AF75CDE-1D3D-40ED-8E79-EB8C6F499B3B}.Default|Any CPU.Build.0 = Debug|Any CPU
		{3AF75CDE-1D3D-40ED-8E79-EB8C6F499B3B}.Default|x86.ActiveCfg = Debug|Any CPU
		{3AF75CDE-1D3D-40ED-8E79-EB8C6F499B3B}.Default|x86.Build.0 = Debug|Any CPU
		{3AF75CDE-1D3D-40ED-8E79-EB8C6F499B3B}.Release|Any CPU.ActiveCfg = Release|Any CPU
		{3AF75CDE-1D3D-40ED-8E79-EB8C6F499B3B}.Release|Any CPU.Build.0 = Release|Any CPU
		{3AF75CDE-1D3D-40ED-8E79-EB8C6F499B3B}.Release|x86.ActiveCfg = Release|Any CPU
		{3AF75CDE-1D3D-40ED-8E79-EB8C6F499B3B}.Release|x86.Build.0 = Release|Any CPU
	EndGlobalSection
	GlobalSection(SolutionProperties) = preSolution
		HideSolutionNode = FALSE
	EndGlobalSection
	GlobalSection(NestedProjects) = preSolution
		{657B29BE-A069-4DAA-80B0-CAA04F84ACA6} = {D89E9583-5F2F-44BB-BF53-9CE8C6C8BC67}
		{25FE4D4B-56E5-48FE-9A7C-3653E3BAC3C8} = {D89E9583-5F2F-44BB-BF53-9CE8C6C8BC67}
		{E0AC7741-C811-4BEB-876A-4190BD8E5528} = {D89E9583-5F2F-44BB-BF53-9CE8C6C8BC67}
		{A11DE2A0-F449-4EB5-9BBF-30A90D322411} = {D89E9583-5F2F-44BB-BF53-9CE8C6C8BC67}
		{A069CD61-568C-4467-A691-948EADC7D868} = {2D625362-0E98-490D-AD94-190C16329052}
		{7CA52CC3-7E14-46DD-AD71-BC7BF858D7A8} = {ADFEE464-B721-4422-95E5-992493B92A69}
		{691F9CA7-639F-4FDD-AFF9-0BEAE6948288} = {ADFEE464-B721-4422-95E5-992493B92A69}
		{A20550E4-D0CA-451A-8D8C-CBDCF7E5A5B4} = {ADFEE464-B721-4422-95E5-992493B92A69}
		{C788373F-1268-496C-BCCA-52F144A86440} = {ADFEE464-B721-4422-95E5-992493B92A69}
		{4B81A7B7-FCB1-4B01-B0A6-DE7B1FCE8BF7} = {ADFEE464-B721-4422-95E5-992493B92A69}
		{251E8AE0-6DED-4701-8767-88001D931374} = {D3E421FE-D9E3-45E3-B485-A31EC98BCF22}
		{2C899ABF-330F-4241-8986-2B2667173B8F} = {D3E421FE-D9E3-45E3-B485-A31EC98BCF22}
		{7AA07A65-1BAA-4CE7-85B6-C3B801A685E0} = {6F471498-E481-4BC1-BDDD-8DCA73039C97}
		{F39169A7-75C4-47D3-9672-EC98557FCDA1} = {6F471498-E481-4BC1-BDDD-8DCA73039C97}
		{C80C3A7E-B82C-4865-83AA-5135A54ED84D} = {AC480322-E26F-431F-8B31-D58B8CB04B06}
		{31D960B3-45F7-4653-A8C1-40B7102CB2A5} = {AC480322-E26F-431F-8B31-D58B8CB04B06}
		{2711B44C-61FB-45DD-A6A6-9B31C3227524} = {AC480322-E26F-431F-8B31-D58B8CB04B06}
		{F0D28BDF-0E5E-4DD6-B790-54CFAC99B0AF} = {AC480322-E26F-431F-8B31-D58B8CB04B06}
		{4208230D-11F4-47D9-843A-493E89C5417E} = {6C435A6E-D4CF-43AA-9B24-60DD2DCB9343}
		{3E6C6D06-C212-448E-BB34-11CDAFA697E8} = {6C435A6E-D4CF-43AA-9B24-60DD2DCB9343}
		{04339BF5-52CF-4F60-A947-A09AA42990D4} = {6C435A6E-D4CF-43AA-9B24-60DD2DCB9343}
		{C501885F-20EC-424F-BA03-BF3762AC99E6} = {6C435A6E-D4CF-43AA-9B24-60DD2DCB9343}
		{3A6C9293-31EE-41BB-B7FC-B36AA5FD19EF} = {2D625362-0E98-490D-AD94-190C16329052}
		{71A712F1-9E59-444A-B268-E4EBD8ED4E0F} = {2D625362-0E98-490D-AD94-190C16329052}
		{F65009ED-1895-4155-9ED0-549D6CC4231B} = {AC480322-E26F-431F-8B31-D58B8CB04B06}
		{3AF75CDE-1D3D-40ED-8E79-EB8C6F499B3B} = {6C435A6E-D4CF-43AA-9B24-60DD2DCB9343}
	EndGlobalSection
	GlobalSection(TestCaseManagementSettings) = postSolution
		CategoryFile = SharpUltra.vsmdi
	EndGlobalSection
	GlobalSection(MonoDevelopProperties) = preSolution
		StartupItem = SharpUltra\SharpUltra.csproj
	EndGlobalSection
EndGlobal
